<?xml version="1.0" encoding="UTF-8"?>
<Project ToolsVersion="14.0" xmlns="http://schemas.microsoft.com/developer/msbuild/2003">
  <ItemGroup>
    <ClCompile Include="D:\Ddesktop\Desktop\jaar_2_cpp\rt2d_proj\dungyDougly_mazeGenTest\start\main.cpp">
      <Filter>Source Files</Filter>
    </ClCompile>
    <ClCompile Include="D:\Ddesktop\Desktop\jaar_2_cpp\rt2d_proj\dungyDougly_mazeGenTest\start\myentity.cpp">
      <Filter>Source Files</Filter>
    </ClCompile>
    <ClCompile Include="D:\Ddesktop\Desktop\jaar_2_cpp\rt2d_proj\dungyDougly_mazeGenTest\start\myscene.cpp">
      <Filter>Source Files</Filter>
    </ClCompile>
    <ClCompile Include="D:\Ddesktop\Desktop\jaar_2_cpp\rt2d_proj\dungyDougly_mazeGenTest\start\grid.cpp">
      <Filter>Source Files</Filter>
    </ClCompile>
    <ClCompile Include="D:\Ddesktop\Desktop\jaar_2_cpp\rt2d_proj\dungyDougly_mazeGenTest\start\tile.cpp">
      <Filter>Source Files</Filter>
    </ClCompile>
    <ClCompile Include="D:\Ddesktop\Desktop\jaar_2_cpp\rt2d_proj\dungyDougly_mazeGenTest\start\player.cpp">
      <Filter>Source Files</Filter>
    </ClCompile>
    <ClCompile Include="D:\Ddesktop\Desktop\jaar_2_cpp\rt2d_proj\dungyDougly_mazeGenTest\start\audio\audio.cpp">
      <Filter>Source Files</Filter>
    </ClCompile>
    <ClCompile Include="D:\Ddesktop\Desktop\jaar_2_cpp\rt2d_proj\dungyDougly_mazeGenTest\start\audio\sound.cpp">
      <Filter>Source Files</Filter>
    </ClCompile>
    <ClCompile Include="D:\Ddesktop\Desktop\jaar_2_cpp\rt2d_proj\dungyDougly_mazeGenTest\start\audio\wav.cpp">
      <Filter>Source Files</Filter>
    </ClCompile>
  </ItemGroup>
  <ItemGroup>
    <ClInclude Include="D:\Ddesktop\Desktop\jaar_2_cpp\rt2d_proj\dungyDougly_mazeGenTest\start\myentity.h">
      <Filter>Header Files</Filter>
    </ClInclude>
    <ClInclude Include="D:\Ddesktop\Desktop\jaar_2_cpp\rt2d_proj\dungyDougly_mazeGenTest\start\myscene.h">
      <Filter>Header Files</Filter>
    </ClInclude>
    <ClInclude Include="D:\Ddesktop\Desktop\jaar_2_cpp\rt2d_proj\dungyDougly_mazeGenTest\start\grid.h">
      <Filter>Header Files</Filter>
    </ClInclude>
    <ClInclude Include="D:\Ddesktop\Desktop\jaar_2_cpp\rt2d_proj\dungyDougly_mazeGenTest\start\tile.h">
      <Filter>Header Files</Filter>
    </ClInclude>
    <ClInclude Include="D:\Ddesktop\Desktop\jaar_2_cpp\rt2d_proj\dungyDougly_mazeGenTest\start\player.h">
      <Filter>Header Files</Filter>
    </ClInclude>
    <ClInclude Include="D:\Ddesktop\Desktop\jaar_2_cpp\rt2d_proj\dungyDougly_mazeGenTest\start\audio\audio.h">
      <Filter>Header Files</Filter>
    </ClInclude>
    <ClInclude Include="D:\Ddesktop\Desktop\jaar_2_cpp\rt2d_proj\dungyDougly_mazeGenTest\start\audio\sound.h">
      <Filter>Header Files</Filter>
    </ClInclude>
    <ClInclude Include="D:\Ddesktop\Desktop\jaar_2_cpp\rt2d_proj\dungyDougly_mazeGenTest\start\audio\wav.h">
      <Filter>Header Files</Filter>
    </ClInclude>
  </ItemGroup>
  <ItemGroup>
    <CustomBuild Include="D:\Ddesktop\Desktop\jaar_2_cpp\rt2d_proj\dungyDougly_mazeGenTest\CMakeLists.txt" />
  </ItemGroup>
  <ItemGroup>
    <Filter Include="Source Files">
      <UniqueIdentifier>{18F54CF2-F6F7-39AF-87EB-BACA06903155}</UniqueIdentifier>
    </Filter>
    <Filter Include="Header Files">
      <UniqueIdentifier>{C93FF1E5-C482-3C10-91E9-6EF04C22D0A1}</UniqueIdentifier>
    </Filter>
  </ItemGroup>
</Project>
